
Microsoft Visual Studio Solution File, Format Version 12.00
# Visual Studio Version 17
VisualStudioVersion = 17.7.34031.279
MinimumVisualStudioVersion = 10.0.40219.1
Project("{9A19103F-16F7-4668-BE54-9A1E7A4F7556}") = "stankpe4_IUR_semestral", "stankpe4_IUR_semestral\stankpe4_IUR_semestral.csproj", "{ECD05DA2-D9E0-461D-9F89-63735D6B4B16}"
EndProject
Global
	GlobalSection(SolutionConfigurationPlatforms) = preSolution
		Debug|Any CPU = Debug|Any CPU
		Release|Any CPU = Release|Any CPU
	EndGlobalSection
	GlobalSection(ProjectConfigurationPlatforms) = postSolution
		{ECD05DA2-D9E0-461D-9F89-63735D6B4B16}.Debug|Any CPU.ActiveCfg = Debug|Any CPU
		{ECD05DA2-D9E0-461D-9F89-63735D6B4B16}.Debug|Any CPU.Build.0 = Debug|Any CPU
		{ECD05DA2-D9E0-461D-9F89-63735D6B4B16}.Release|Any CPU.ActiveCfg = Release|Any CPU
		{ECD05DA2-D9E0-461D-9F89-63735D6B4B16}.Release|Any CPU.Build.0 = Release|Any CPU
	EndGlobalSection
	GlobalSection(SolutionProperties) = preSolution
		HideSolutionNode = FALSE
	EndGlobalSection
	GlobalSection(ExtensibilityGlobals) = postSolution
		SolutionGuid = {FC19120B-8ACD-4567-AF91-52325CC3343A}
	EndGlobalSection
EndGlobal
